
Microsoft Visual Studio Solution File, Format Version 12.00
# Visual Studio 15
VisualStudioVersion = 15.0.28010.2050
MinimumVisualStudioVersion = 10.0.40219.1
Project("{FAE04EC0-301F-11D3-BF4B-00C04F79EFBC}") = "king", "king\king.csproj", "{5BF78073-A524-4D46-AA7C-89F4001A0B6E}"
EndProject
Global
	GlobalSection(SolutionConfigurationPlatforms) = preSolution
		Debug|Any CPU = Debug|Any CPU
		Release|Any CPU = Release|Any CPU
	EndGlobalSection
	GlobalSection(ProjectConfigurationPlatforms) = postSolution
		{5BF78073-A524-4D46-AA7C-89F4001A0B6E}.Debug|Any CPU.ActiveCfg = Debug|Any CPU
		{5BF78073-A524-4D46-AA7C-89F4001A0B6E}.Debug|Any CPU.Build.0 = Debug|Any CPU
		{5BF78073-A524-4D46-AA7C-89F4001A0B6E}.Release|Any CPU.ActiveCfg = Release|Any CPU
		{5BF78073-A524-4D46-AA7C-89F4001A0B6E}.Release|Any CPU.Build.0 = Release|Any CPU
	EndGlobalSection
	GlobalSection(SolutionProperties) = preSolution
		HideSolutionNode = FALSE
	EndGlobalSection
	GlobalSection(ExtensibilityGlobals) = postSolution
		SolutionGuid = {DDFD6F5D-B823-4818-A919-AF1A406FB7A7}
	EndGlobalSection
EndGlobal
